{
    "hash": "af210d21459243c8fe7d4a7fab486cb2",
    "packages": [
        {
            "name": "phpspec/php-diff",
            "version": "dev-master",
            "source": {
                "type": "git",
                "url": "https://github.com/phpspec/php-diff.git",
                "reference": "7efe41e227eae44f3ad443905957f9081cf05e3b"
            },
            "dist": {
                "type": "zip",
                "url": "https://github.com/phpspec/php-diff/zipball/7efe41e227eae44f3ad443905957f9081cf05e3b",
                "reference": "7efe41e227eae44f3ad443905957f9081cf05e3b",
                "shasum": ""
            },
            "time": "1348700435",
            "type": "library",
            "installation-source": "source",
            "autoload": {
                "psr-0": {
                    "Diff": "lib/"
                }
            },
            "authors": [
                {
                    "name": "Chris Boulton"
                }
            ],
            "description": "A comprehensive library for generating differences between two hashable objects (strings or arrays)."
        },
        {
            "name": "symfony/console",
            "version": "2.1.x-dev",
            "target-dir": "Symfony/Component/Console",
            "source": {
                "type": "git",
                "url": "https://github.com/symfony/Console",
                "reference": "b52c747c551d8d71c02e17853c8f637d8d5e9cef"
            },
            "dist": {
                "type": "zip",
                "url": "https://github.com/symfony/Console/zipball/b52c747c551d8d71c02e17853c8f637d8d5e9cef",
                "reference": "b52c747c551d8d71c02e17853c8f637d8d5e9cef",
                "shasum": ""
            },
            "require": {
                "php": ">=5.3.3"
            },
            "time": "1350717030",
            "type": "library",
            "extra": {
                "branch-alias": {
                    "dev-master": "2.1-dev"
                }
            },
            "installation-source": "source",
            "autoload": {
                "psr-0": {
                    "Symfony\\Component\\Console": ""
                }
            },
            "license": [
                "MIT"
            ],
            "authors": [
                {
                    "name": "Fabien Potencier",
                    "email": "fabien@symfony.com"
                },
                {
                    "name": "Symfony Community",
                    "homepage": "http://symfony.com/contributors"
                }
            ],
            "description": "Symfony Console Component",
            "homepage": "http://symfony.com"
        },
        {
            "name": "symfony/process",
            "version": "2.1.x-dev",
            "target-dir": "Symfony/Component/Process",
            "source": {
                "type": "git",
                "url": "https://github.com/symfony/Process",
                "reference": "6d483356f7496f1305a67f6a50cc33ec900c3930"
            },
            "dist": {
                "type": "zip",
                "url": "https://github.com/symfony/Process/zipball/6d483356f7496f1305a67f6a50cc33ec900c3930",
                "reference": "6d483356f7496f1305a67f6a50cc33ec900c3930",
                "shasum": ""
            },
            "require": {
                "php": ">=5.3.3"
            },
            "time": "1350717030",
            "type": "library",
            "extra": {
                "branch-alias": {
                    "dev-master": "2.1-dev"
                }
            },
            "installation-source": "source",
            "autoload": {
                "psr-0": {
                    "Symfony\\Component\\Process": ""
                }
            },
            "license": [
                "MIT"
            ],
            "authors": [
                {
                    "name": "Fabien Potencier",
                    "email": "fabien@symfony.com"
                },
                {
                    "name": "Symfony Community",
                    "homepage": "http://symfony.com/contributors"
                }
            ],
            "description": "Symfony Process Component",
            "homepage": "http://symfony.com"
        }
    ],
    "packages-dev": null,
    "aliases": [

    ],
    "minimum-stability": "dev",
    "stability-flags": {
        "symfony/process": 20
    }
}
